PODS:
  - AzureIoTHubClient (1.2.2):
    - AzureIoTuAmqp (= 1.2.2)
    - AzureIoTuMqtt (= 1.1.2)
    - AzureIoTUtility (= 1.1.2)
  - AzureIoTuAmqp (1.2.2):
    - AzureIoTUtility (= 1.1.2)
  - AzureIoTuMqtt (1.1.2):
    - AzureIoTUtility (= 1.1.2)
  - AzureIoTUtility (1.1.2)

DEPENDENCIES:
  - AzureIoTHubClient
  - AzureIoTuAmqp
  - AzureIoTuMqtt
  - AzureIoTUtility

SPEC CHECKSUMS:
  AzureIoTHubClient: d1cbaa632795140a97fd8bd2534ad68f3d6460ab
  AzureIoTuAmqp: 0bfc6ed2a4d9d1d56f5efa6abd584df2b51d8acb
  AzureIoTuMqtt: d347c91746908751754edc38d3f5c82576eac3c7
  AzureIoTUtility: c219dff3ee1b28a0789057d5916c6fa8b079507a

PODFILE CHECKSUM: 935284aae21f3472dda4a5ddff578f6facd29bdc

COCOAPODS: 1.4.0
